
Microsoft Visual Studio Solution File, Format Version 12.00
# Visual Studio Version 17
VisualStudioVersion = 17.9.34622.214
MinimumVisualStudioVersion = 10.0.40219.1
Project("{9A19103F-16F7-4668-BE54-9A1E7A4F7556}") = "TaskTraker.Api", "TaskTraker.Api\TaskTraker.Api.csproj", "{38ED1BF9-5759-43A8-8364-5233D5DF1A25}"
EndProject
Project("{FAE04EC0-301F-11D3-BF4B-00C04F79EFBC}") = "TaskTraker.Data", "TaskTraker.Data\TaskTraker.Data.csproj", "{3DD4CC6F-E1A4-4F97-BF2E-0E2D641A4579}"
EndProject
Project("{FAE04EC0-301F-11D3-BF4B-00C04F79EFBC}") = "TaskTraker.Services", "TaskTraker.Services\TaskTraker.Services.csproj", "{7A3C1FFE-E1C6-4D72-85FD-CD98104B6DD4}"
EndProject
Global
	GlobalSection(SolutionConfigurationPlatforms) = preSolution
		Debug|Any CPU = Debug|Any CPU
		Release|Any CPU = Release|Any CPU
	EndGlobalSection
	GlobalSection(ProjectConfigurationPlatforms) = postSolution
		{38ED1BF9-5759-43A8-8364-5233D5DF1A25}.Debug|Any CPU.ActiveCfg = Debug|Any CPU
		{38ED1BF9-5759-43A8-8364-5233D5DF1A25}.Debug|Any CPU.Build.0 = Debug|Any CPU
		{38ED1BF9-5759-43A8-8364-5233D5DF1A25}.Release|Any CPU.ActiveCfg = Release|Any CPU
		{38ED1BF9-5759-43A8-8364-5233D5DF1A25}.Release|Any CPU.Build.0 = Release|Any CPU
		{3DD4CC6F-E1A4-4F97-BF2E-0E2D641A4579}.Debug|Any CPU.ActiveCfg = Debug|Any CPU
		{3DD4CC6F-E1A4-4F97-BF2E-0E2D641A4579}.Debug|Any CPU.Build.0 = Debug|Any CPU
		{3DD4CC6F-E1A4-4F97-BF2E-0E2D641A4579}.Release|Any CPU.ActiveCfg = Release|Any CPU
		{3DD4CC6F-E1A4-4F97-BF2E-0E2D641A4579}.Release|Any CPU.Build.0 = Release|Any CPU
		{7A3C1FFE-E1C6-4D72-85FD-CD98104B6DD4}.Debug|Any CPU.ActiveCfg = Debug|Any CPU
		{7A3C1FFE-E1C6-4D72-85FD-CD98104B6DD4}.Debug|Any CPU.Build.0 = Debug|Any CPU
		{7A3C1FFE-E1C6-4D72-85FD-CD98104B6DD4}.Release|Any CPU.ActiveCfg = Release|Any CPU
		{7A3C1FFE-E1C6-4D72-85FD-CD98104B6DD4}.Release|Any CPU.Build.0 = Release|Any CPU
	EndGlobalSection
	GlobalSection(SolutionProperties) = preSolution
		HideSolutionNode = FALSE
	EndGlobalSection
	GlobalSection(ExtensibilityGlobals) = postSolution
		SolutionGuid = {943907C3-D17B-40DC-8B1C-249FCA1BDD1B}
	EndGlobalSection
EndGlobal
